// !$*UTF8*$!
{
	archiveVersion = 1;
	classes = {
	};
	objectVersion = 56;
	objects = {

/* Begin PBXBuildFile section */
		B79F27312A15185B00BD1151 /* ZoomApp.swift in Sources */ = {isa = PBXBuildFile; fileRef = B79F27302A15185B00BD1151 /* ZoomApp.swift */; };
		B79F27332A15185B00BD1151 /* ContentView.swift in Sources */ = {isa = PBXBuildFile; fileRef = B79F27322A15185B00BD1151 /* ContentView.swift */; };
		B79F27352A15185D00BD1151 /* Assets.xcassets in Resources */ = {isa = PBXBuildFile; fileRef = B79F27342A15185D00BD1151 /* Assets.xcassets */; };
		B79F27382A15185D00BD1151 /* Preview Assets.xcassets in Resources */ = {isa = PBXBuildFile; fileRef = B79F27372A15185D00BD1151 /* Preview Assets.xcassets */; };
		B79F27402A15199800BD1151 /* Home.swift in Sources */ = {isa = PBXBuildFile; fileRef = B79F273F2A15199800BD1151 /* Home.swift */; };
		B79F27442A151CE700BD1151 /* Onboarding.swift in Sources */ = {isa = PBXBuildFile; fileRef = B79F27432A151CE700BD1151 /* Onboarding.swift */; };
		B79F27472A15280100BD1151 /* CoustomText.swift in Sources */ = {isa = PBXBuildFile; fileRef = B79F27462A15280100BD1151 /* CoustomText.swift */; };
		B79F274A2A1528C900BD1151 /* Chicking.swift in Sources */ = {isa = PBXBuildFile; fileRef = B79F27492A1528C900BD1151 /* Chicking.swift */; };
		B79F274C2A152E8D00BD1151 /* Collobrate.swift in Sources */ = {isa = PBXBuildFile; fileRef = B79F274B2A152E8D00BD1151 /* Collobrate.swift */; };
		B79F274E2A152F9E00BD1151 /* GetStarted.swift in Sources */ = {isa = PBXBuildFile; fileRef = B79F274D2A152F9E00BD1151 /* GetStarted.swift */; };
		B79F27522A15325B00BD1151 /* ActivitionEmail.swift in Sources */ = {isa = PBXBuildFile; fileRef = B79F27512A15325B00BD1151 /* ActivitionEmail.swift */; };
		B79F27582A1541A500BD1151 /* CoustomForm.swift in Sources */ = {isa = PBXBuildFile; fileRef = B79F27572A1541A500BD1151 /* CoustomForm.swift */; };
		B79F275A2A1542BE00BD1151 /* SignUp.swift in Sources */ = {isa = PBXBuildFile; fileRef = B79F27592A1542BE00BD1151 /* SignUp.swift */; };
		B79F275C2A15431B00BD1151 /* SignIn.swift in Sources */ = {isa = PBXBuildFile; fileRef = B79F275B2A15431B00BD1151 /* SignIn.swift */; };
		B79F275E2A15435300BD1151 /* CoustomFormSignIn.swift in Sources */ = {isa = PBXBuildFile; fileRef = B79F275D2A15435300BD1151 /* CoustomFormSignIn.swift */; };
		B79F27602A15440E00BD1151 /* StartMeeting.swift in Sources */ = {isa = PBXBuildFile; fileRef = B79F275F2A15440E00BD1151 /* StartMeeting.swift */; };
		B79F27642A15488900BD1151 /* CoustomFormMeeting.swift in Sources */ = {isa = PBXBuildFile; fileRef = B79F27632A15488900BD1151 /* CoustomFormMeeting.swift */; };
		B79F27662A1549E000BD1151 /* Settings.swift in Sources */ = {isa = PBXBuildFile; fileRef = B79F27652A1549E000BD1151 /* Settings.swift */; };
		B79F27682A15502100BD1151 /* CoustomSittings.swift in Sources */ = {isa = PBXBuildFile; fileRef = B79F27672A15502100BD1151 /* CoustomSittings.swift */; };
		B79F276A2A15509000BD1151 /* MettingSettings.swift in Sources */ = {isa = PBXBuildFile; fileRef = B79F27692A15509000BD1151 /* MettingSettings.swift */; };
		B79F276C2A1550AB00BD1151 /* CoustomMettingSetting.swift in Sources */ = {isa = PBXBuildFile; fileRef = B79F276B2A1550AB00BD1151 /* CoustomMettingSetting.swift */; };
		B79F276E2A15526E00BD1151 /* Password.swift in Sources */ = {isa = PBXBuildFile; fileRef = B79F276D2A15526E00BD1151 /* Password.swift */; };
		B79F27742A15614100BD1151 /* Chating.swift in Sources */ = {isa = PBXBuildFile; fileRef = B79F27732A15614100BD1151 /* Chating.swift */; };
		B79F27772A15638400BD1151 /* GetStartedEmail.swift in Sources */ = {isa = PBXBuildFile; fileRef = B79F27762A15638400BD1151 /* GetStartedEmail.swift */; };
		B79F27792A15660500BD1151 /* Account.swift in Sources */ = {isa = PBXBuildFile; fileRef = B79F27782A15660500BD1151 /* Account.swift */; };
		B79F277B2A156B7A00BD1151 /* Calendar.swift in Sources */ = {isa = PBXBuildFile; fileRef = B79F277A2A156B7A00BD1151 /* Calendar.swift */; };
		B79F277F2A157AF900BD1151 /* MaittingSittings1.swift in Sources */ = {isa = PBXBuildFile; fileRef = B79F277E2A157AF900BD1151 /* MaittingSittings1.swift */; };
		B79F27812A15855300BD1151 /* Auto.swift in Sources */ = {isa = PBXBuildFile; fileRef = B79F27802A15855300BD1151 /* Auto.swift */; };
		B79F27832A15860600BD1151 /* AllSettings.swift in Sources */ = {isa = PBXBuildFile; fileRef = B79F27822A15860600BD1151 /* AllSettings.swift */; };
		B79F27852A1587AB00BD1151 /* VirtualBack.swift in Sources */ = {isa = PBXBuildFile; fileRef = B79F27842A1587AB00BD1151 /* VirtualBack.swift */; };
		B79F27872A15889500BD1151 /* AspectRatio.swift in Sources */ = {isa = PBXBuildFile; fileRef = B79F27862A15889500BD1151 /* AspectRatio.swift */; };
		B79F27892A159A7A00BD1151 /* TabHome.swift in Sources */ = {isa = PBXBuildFile; fileRef = B79F27882A159A7A00BD1151 /* TabHome.swift */; };
		B79F278B2A159FD100BD1151 /* Acounter.swift in Sources */ = {isa = PBXBuildFile; fileRef = B79F278A2A159FD100BD1151 /* Acounter.swift */; };
/* End PBXBuildFile section */

/* Begin PBXFileReference section */
		B79F272D2A15185B00BD1151 /* Zoom.app */ = {isa = PBXFileReference; explicitFileType = wrapper.application; includeInIndex = 0; path = Zoom.app; sourceTree = BUILT_PRODUCTS_DIR; };
		B79F27302A15185B00BD1151 /* ZoomApp.swift */ = {isa = PBXFileReference; lastKnownFileType = sourcecode.swift; path = ZoomApp.swift; sourceTree = "<group>"; };
		B79F27322A15185B00BD1151 /* ContentView.swift */ = {isa = PBXFileReference; lastKnownFileType = sourcecode.swift; path = ContentView.swift; sourceTree = "<group>"; };
		B79F27342A15185D00BD1151 /* Assets.xcassets */ = {isa = PBXFileReference; lastKnownFileType = folder.assetcatalog; path = Assets.xcassets; sourceTree = "<group>"; };
		B79F27372A15185D00BD1151 /* Preview Assets.xcassets */ = {isa = PBXFileReference; lastKnownFileType = folder.assetcatalog; path = "Preview Assets.xcassets"; sourceTree = "<group>"; };
		B79F273F2A15199800BD1151 /* Home.swift */ = {isa = PBXFileReference; lastKnownFileType = sourcecode.swift; path = Home.swift; sourceTree = "<group>"; };
		B79F27432A151CE700BD1151 /* Onboarding.swift */ = {isa = PBXFileReference; lastKnownFileType = sourcecode.swift; path = Onboarding.swift; sourceTree = "<group>"; };
		B79F27462A15280100BD1151 /* CoustomText.swift */ = {isa = PBXFileReference; lastKnownFileType = sourcecode.swift; path = CoustomText.swift; sourceTree = "<group>"; };
		B79F27492A1528C900BD1151 /* Chicking.swift */ = {isa = PBXFileReference; lastKnownFileType = sourcecode.swift; path = Chicking.swift; sourceTree = "<group>"; };
		B79F274B2A152E8D00BD1151 /* Collobrate.swift */ = {isa = PBXFileReference; lastKnownFileType = sourcecode.swift; path = Collobrate.swift; sourceTree = "<group>"; };
		B79F274D2A152F9E00BD1151 /* GetStarted.swift */ = {isa = PBXFileReference; lastKnownFileType = sourcecode.swift; path = GetStarted.swift; sourceTree = "<group>"; };
		B79F27512A15325B00BD1151 /* ActivitionEmail.swift */ = {isa = PBXFileReference; lastKnownFileType = sourcecode.swift; path = ActivitionEmail.swift; sourceTree = "<group>"; };
		B79F27572A1541A500BD1151 /* CoustomForm.swift */ = {isa = PBXFileReference; lastKnownFileType = sourcecode.swift; path = CoustomForm.swift; sourceTree = "<group>"; };
		B79F27592A1542BE00BD1151 /* SignUp.swift */ = {isa = PBXFileReference; lastKnownFileType = sourcecode.swift; path = SignUp.swift; sourceTree = "<group>"; };
		B79F275B2A15431B00BD1151 /* SignIn.swift */ = {isa = PBXFileReference; lastKnownFileType = sourcecode.swift; path = SignIn.swift; sourceTree = "<group>"; };
		B79F275D2A15435300BD1151 /* CoustomFormSignIn.swift */ = {isa = PBXFileReference; lastKnownFileType = sourcecode.swift; path = CoustomFormSignIn.swift; sourceTree = "<group>"; };
		B79F275F2A15440E00BD1151 /* StartMeeting.swift */ = {isa = PBXFileReference; lastKnownFileType = sourcecode.swift; path = StartMeeting.swift; sourceTree = "<group>"; };
		B79F27632A15488900BD1151 /* CoustomFormMeeting.swift */ = {isa = PBXFileReference; lastKnownFileType = sourcecode.swift; path = CoustomFormMeeting.swift; sourceTree = "<group>"; };
		B79F27652A1549E000BD1151 /* Settings.swift */ = {isa = PBXFileReference; lastKnownFileType = sourcecode.swift; path = Settings.swift; sourceTree = "<group>"; };
		B79F27672A15502100BD1151 /* CoustomSittings.swift */ = {isa = PBXFileReference; lastKnownFileType = sourcecode.swift; path = CoustomSittings.swift; sourceTree = "<group>"; };
		B79F27692A15509000BD1151 /* MettingSettings.swift */ = {isa = PBXFileReference; lastKnownFileType = sourcecode.swift; path = MettingSettings.swift; sourceTree = "<group>"; };
		B79F276B2A1550AB00BD1151 /* CoustomMettingSetting.swift */ = {isa = PBXFileReference; lastKnownFileType = sourcecode.swift; path = CoustomMettingSetting.swift; sourceTree = "<group>"; };
		B79F276D2A15526E00BD1151 /* Password.swift */ = {isa = PBXFileReference; lastKnownFileType = sourcecode.swift; path = Password.swift; sourceTree = "<group>"; };
		B79F27732A15614100BD1151 /* Chating.swift */ = {isa = PBXFileReference; lastKnownFileType = sourcecode.swift; path = Chating.swift; sourceTree = "<group>"; };
		B79F27762A15638400BD1151 /* GetStartedEmail.swift */ = {isa = PBXFileReference; lastKnownFileType = sourcecode.swift; path = GetStartedEmail.swift; sourceTree = "<group>"; };
		B79F27782A15660500BD1151 /* Account.swift */ = {isa = PBXFileReference; lastKnownFileType = sourcecode.swift; path = Account.swift; sourceTree = "<group>"; };
		B79F277A2A156B7A00BD1151 /* Calendar.swift */ = {isa = PBXFileReference; lastKnownFileType = sourcecode.swift; path = Calendar.swift; sourceTree = "<group>"; };
		B79F277E2A157AF900BD1151 /* MaittingSittings1.swift */ = {isa = PBXFileReference; lastKnownFileType = sourcecode.swift; path = MaittingSittings1.swift; sourceTree = "<group>"; };
		B79F27802A15855300BD1151 /* Auto.swift */ = {isa = PBXFileReference; lastKnownFileType = sourcecode.swift; path = Auto.swift; sourceTree = "<group>"; };
		B79F27822A15860600BD1151 /* AllSettings.swift */ = {isa = PBXFileReference; lastKnownFileType = sourcecode.swift; path = AllSettings.swift; sourceTree = "<group>"; };
		B79F27842A1587AB00BD1151 /* VirtualBack.swift */ = {isa = PBXFileReference; lastKnownFileType = sourcecode.swift; path = VirtualBack.swift; sourceTree = "<group>"; };
		B79F27862A15889500BD1151 /* AspectRatio.swift */ = {isa = PBXFileReference; lastKnownFileType = sourcecode.swift; path = AspectRatio.swift; sourceTree = "<group>"; };
		B79F27882A159A7A00BD1151 /* TabHome.swift */ = {isa = PBXFileReference; lastKnownFileType = sourcecode.swift; path = TabHome.swift; sourceTree = "<group>"; };
		B79F278A2A159FD100BD1151 /* Acounter.swift */ = {isa = PBXFileReference; lastKnownFileType = sourcecode.swift; path = Acounter.swift; sourceTree = "<group>"; };
/* End PBXFileReference section */

/* Begin PBXFrameworksBuildPhase section */
		B79F272A2A15185B00BD1151 /* Frameworks */ = {
			isa = PBXFrameworksBuildPhase;
			buildActionMask = 2147483647;
			files = (
			);
			runOnlyForDeploymentPostprocessing = 0;
		};
/* End PBXFrameworksBuildPhase section */

/* Begin PBXGroup section */
		B79F27242A15185B00BD1151 = {
			isa = PBXGroup;
			children = (
				B79F272F2A15185B00BD1151 /* Zoom */,
				B79F272E2A15185B00BD1151 /* Products */,
			);
			sourceTree = "<group>";
		};
		B79F272E2A15185B00BD1151 /* Products */ = {
			isa = PBXGroup;
			children = (
				B79F272D2A15185B00BD1151 /* Zoom.app */,
			);
			name = Products;
			sourceTree = "<group>";
		};
		B79F272F2A15185B00BD1151 /* Zoom */ = {
			isa = PBXGroup;
			children = (
				B79F27482A15284600BD1151 /* View */,
				B79F27452A1526BF00BD1151 /* Coustom */,
				B79F27302A15185B00BD1151 /* ZoomApp.swift */,
				B79F27322A15185B00BD1151 /* ContentView.swift */,
				B79F27342A15185D00BD1151 /* Assets.xcassets */,
				B79F27362A15185D00BD1151 /* Preview Content */,
			);
			path = Zoom;
			sourceTree = "<group>";
		};
		B79F27362A15185D00BD1151 /* Preview Content */ = {
			isa = PBXGroup;
			children = (
				B79F27372A15185D00BD1151 /* Preview Assets.xcassets */,
			);
			path = "Preview Content";
			sourceTree = "<group>";
		};
		B79F27452A1526BF00BD1151 /* Coustom */ = {
			isa = PBXGroup;
			children = (
				B79F27462A15280100BD1151 /* CoustomText.swift */,
				B79F27572A1541A500BD1151 /* CoustomForm.swift */,
				B79F275D2A15435300BD1151 /* CoustomFormSignIn.swift */,
				B79F27632A15488900BD1151 /* CoustomFormMeeting.swift */,
				B79F27672A15502100BD1151 /* CoustomSittings.swift */,
				B79F276B2A1550AB00BD1151 /* CoustomMettingSetting.swift */,
				B79F27822A15860600BD1151 /* AllSettings.swift */,
				B79F278A2A159FD100BD1151 /* Acounter.swift */,
			);
			path = Coustom;
			sourceTree = "<group>";
		};
		B79F27482A15284600BD1151 /* View */ = {
			isa = PBXGroup;
			children = (
				B79F273F2A15199800BD1151 /* Home.swift */,
				B79F27432A151CE700BD1151 /* Onboarding.swift */,
				B79F27492A1528C900BD1151 /* Chicking.swift */,
				B79F274B2A152E8D00BD1151 /* Collobrate.swift */,
				B79F274D2A152F9E00BD1151 /* GetStarted.swift */,
				B79F27512A15325B00BD1151 /* ActivitionEmail.swift */,
				B79F27592A1542BE00BD1151 /* SignUp.swift */,
				B79F275B2A15431B00BD1151 /* SignIn.swift */,
				B79F275F2A15440E00BD1151 /* StartMeeting.swift */,
				B79F27652A1549E000BD1151 /* Settings.swift */,
				B79F27692A15509000BD1151 /* MettingSettings.swift */,
				B79F276D2A15526E00BD1151 /* Password.swift */,
				B79F27732A15614100BD1151 /* Chating.swift */,
				B79F27762A15638400BD1151 /* GetStartedEmail.swift */,
				B79F27782A15660500BD1151 /* Account.swift */,
				B79F277A2A156B7A00BD1151 /* Calendar.swift */,
				B79F277E2A157AF900BD1151 /* MaittingSittings1.swift */,
				B79F27802A15855300BD1151 /* Auto.swift */,
				B79F27842A1587AB00BD1151 /* VirtualBack.swift */,
				B79F27862A15889500BD1151 /* AspectRatio.swift */,
				B79F27882A159A7A00BD1151 /* TabHome.swift */,
			);
			name = View;
			sourceTree = "<group>";
		};
/* End PBXGroup section */

/* Begin PBXNativeTarget section */
		B79F272C2A15185B00BD1151 /* Zoom */ = {
			isa = PBXNativeTarget;
			buildConfigurationList = B79F273B2A15185D00BD1151 /* Build configuration list for PBXNativeTarget "Zoom" */;
			buildPhases = (
				B79F27292A15185B00BD1151 /* Sources */,
				B79F272A2A15185B00BD1151 /* Frameworks */,
				B79F272B2A15185B00BD1151 /* Resources */,
			);
			buildRules = (
			);
			dependencies = (
			);
			name = Zoom;
			productName = Zoom;
			productReference = B79F272D2A15185B00BD1151 /* Zoom.app */;
			productType = "com.apple.product-type.application";
		};
/* End PBXNativeTarget section */

/* Begin PBXProject section */
		B79F27252A15185B00BD1151 /* Project object */ = {
			isa = PBXProject;
			attributes = {
				BuildIndependentTargetsInParallel = 1;
				LastSwiftUpdateCheck = 1430;
				LastUpgradeCheck = 1430;
				TargetAttributes = {
					B79F272C2A15185B00BD1151 = {
						CreatedOnToolsVersion = 14.3;
					};
				};
			};
			buildConfigurationList = B79F27282A15185B00BD1151 /* Build configuration list for PBXProject "Zoom" */;
			compatibilityVersion = "Xcode 14.0";
			developmentRegion = en;
			hasScannedForEncodings = 0;
			knownRegions = (
				en,
				Base,
			);
			mainGroup = B79F27242A15185B00BD1151;
			productRefGroup = B79F272E2A15185B00BD1151 /* Products */;
			projectDirPath = "";
			projectRoot = "";
			targets = (
				B79F272C2A15185B00BD1151 /* Zoom */,
			);
		};
/* End PBXProject section */

/* Begin PBXResourcesBuildPhase section */
		B79F272B2A15185B00BD1151 /* Resources */ = {
			isa = PBXResourcesBuildPhase;
			buildActionMask = 2147483647;
			files = (
				B79F27382A15185D00BD1151 /* Preview Assets.xcassets in Resources */,
				B79F27352A15185D00BD1151 /* Assets.xcassets in Resources */,
			);
			runOnlyForDeploymentPostprocessing = 0;
		};
/* End PBXResourcesBuildPhase section */

/* Begin PBXSourcesBuildPhase section */
		B79F27292A15185B00BD1151 /* Sources */ = {
			isa = PBXSourcesBuildPhase;
			buildActionMask = 2147483647;
			files = (
				B79F278B2A159FD100BD1151 /* Acounter.swift in Sources */,
				B79F27332A15185B00BD1151 /* ContentView.swift in Sources */,
				B79F274A2A1528C900BD1151 /* Chicking.swift in Sources */,
				B79F274E2A152F9E00BD1151 /* GetStarted.swift in Sources */,
				B79F27402A15199800BD1151 /* Home.swift in Sources */,
				B79F277B2A156B7A00BD1151 /* Calendar.swift in Sources */,
				B79F27642A15488900BD1151 /* CoustomFormMeeting.swift in Sources */,
				B79F27832A15860600BD1151 /* AllSettings.swift in Sources */,
				B79F27792A15660500BD1151 /* Account.swift in Sources */,
				B79F27892A159A7A00BD1151 /* TabHome.swift in Sources */,
				B79F27442A151CE700BD1151 /* Onboarding.swift in Sources */,
				B79F27472A15280100BD1151 /* CoustomText.swift in Sources */,
				B79F275E2A15435300BD1151 /* CoustomFormSignIn.swift in Sources */,
				B79F276E2A15526E00BD1151 /* Password.swift in Sources */,
				B79F27582A1541A500BD1151 /* CoustomForm.swift in Sources */,
				B79F275C2A15431B00BD1151 /* SignIn.swift in Sources */,
				B79F27662A1549E000BD1151 /* Settings.swift in Sources */,
				B79F27852A1587AB00BD1151 /* VirtualBack.swift in Sources */,
				B79F27742A15614100BD1151 /* Chating.swift in Sources */,
				B79F277F2A157AF900BD1151 /* MaittingSittings1.swift in Sources */,
				B79F27522A15325B00BD1151 /* ActivitionEmail.swift in Sources */,
				B79F27812A15855300BD1151 /* Auto.swift in Sources */,
				B79F27602A15440E00BD1151 /* StartMeeting.swift in Sources */,
				B79F27772A15638400BD1151 /* GetStartedEmail.swift in Sources */,
				B79F276C2A1550AB00BD1151 /* CoustomMettingSetting.swift in Sources */,
				B79F27872A15889500BD1151 /* AspectRatio.swift in Sources */,
				B79F27682A15502100BD1151 /* CoustomSittings.swift in Sources */,
				B79F27312A15185B00BD1151 /* ZoomApp.swift in Sources */,
				B79F274C2A152E8D00BD1151 /* Collobrate.swift in Sources */,
				B79F275A2A1542BE00BD1151 /* SignUp.swift in Sources */,
				B79F276A2A15509000BD1151 /* MettingSettings.swift in Sources */,
			);
			runOnlyForDeploymentPostprocessing = 0;
		};
/* End PBXSourcesBuildPhase section */

/* Begin XCBuildConfiguration section */
		B79F27392A15185D00BD1151 /* Debug */ = {
			isa = XCBuildConfiguration;
			buildSettings = {
				ALWAYS_SEARCH_USER_PATHS = NO;
				CLANG_ANALYZER_NONNULL = YES;
				CLANG_ANALYZER_NUMBER_OBJECT_CONVERSION = YES_AGGRESSIVE;
				CLANG_CXX_LANGUAGE_STANDARD = "gnu++20";
				CLANG_ENABLE_MODULES = YES;
				CLANG_ENABLE_OBJC_ARC = YES;
				CLANG_ENABLE_OBJC_WEAK = YES;
				CLANG_WARN_BLOCK_CAPTURE_AUTORELEASING = YES;
				CLANG_WARN_BOOL_CONVERSION = YES;
				CLANG_WARN_COMMA = YES;
				CLANG_WARN_CONSTANT_CONVERSION = YES;
				CLANG_WARN_DEPRECATED_OBJC_IMPLEMENTATIONS = YES;
				CLANG_WARN_DIRECT_OBJC_ISA_USAGE = YES_ERROR;
				CLANG_WARN_DOCUMENTATION_COMMENTS = YES;
				CLANG_WARN_EMPTY_BODY = YES;
				CLANG_WARN_ENUM_CONVERSION = YES;
				CLANG_WARN_INFINITE_RECURSION = YES;
				CLANG_WARN_INT_CONVERSION = YES;
				CLANG_WARN_NON_LITERAL_NULL_CONVERSION = YES;
				CLANG_WARN_OBJC_IMPLICIT_RETAIN_SELF = YES;
				CLANG_WARN_OBJC_LITERAL_CONVERSION = YES;
				CLANG_WARN_OBJC_ROOT_CLASS = YES_ERROR;
				CLANG_WARN_QUOTED_INCLUDE_IN_FRAMEWORK_HEADER = YES;
				CLANG_WARN_RANGE_LOOP_ANALYSIS = YES;
				CLANG_WARN_STRICT_PROTOTYPES = YES;
				CLANG_WARN_SUSPICIOUS_MOVE = YES;
				CLANG_WARN_UNGUARDED_AVAILABILITY = YES_AGGRESSIVE;
				CLANG_WARN_UNREACHABLE_CODE = YES;
				CLANG_WARN__DUPLICATE_METHOD_MATCH = YES;
				COPY_PHASE_STRIP = NO;
				DEBUG_INFORMATION_FORMAT = dwarf;
				ENABLE_STRICT_OBJC_MSGSEND = YES;
				ENABLE_TESTABILITY = YES;
				GCC_C_LANGUAGE_STANDARD = gnu11;
				GCC_DYNAMIC_NO_PIC = NO;
				GCC_NO_COMMON_BLOCKS = YES;
				GCC_OPTIMIZATION_LEVEL = 0;
				GCC_PREPROCESSOR_DEFINITIONS = (
					"DEBUG=1",
					"$(inherited)",
				);
				GCC_WARN_64_TO_32_BIT_CONVERSION = YES;
				GCC_WARN_ABOUT_RETURN_TYPE = YES_ERROR;
				GCC_WARN_UNDECLARED_SELECTOR = YES;
				GCC_WARN_UNINITIALIZED_AUTOS = YES_AGGRESSIVE;
				GCC_WARN_UNUSED_FUNCTION = YES;
				GCC_WARN_UNUSED_VARIABLE = YES;
				IPHONEOS_DEPLOYMENT_TARGET = 16.4;
				MTL_ENABLE_DEBUG_INFO = INCLUDE_SOURCE;
				MTL_FAST_MATH = YES;
				ONLY_ACTIVE_ARCH = YES;
				SDKROOT = iphoneos;
				SWIFT_ACTIVE_COMPILATION_CONDITIONS = DEBUG;
				SWIFT_OPTIMIZATION_LEVEL = "-Onone";
			};
			name = Debug;
		};
		B79F273A2A15185D00BD1151 /* Release */ = {
			isa = XCBuildConfiguration;
			buildSettings = {
				ALWAYS_SEARCH_USER_PATHS = NO;
				CLANG_ANALYZER_NONNULL = YES;
				CLANG_ANALYZER_NUMBER_OBJECT_CONVERSION = YES_AGGRESSIVE;
				CLANG_CXX_LANGUAGE_STANDARD = "gnu++20";
				CLANG_ENABLE_MODULES = YES;
				CLANG_ENABLE_OBJC_ARC = YES;
				CLANG_ENABLE_OBJC_WEAK = YES;
				CLANG_WARN_BLOCK_CAPTURE_AUTORELEASING = YES;
				CLANG_WARN_BOOL_CONVERSION = YES;
				CLANG_WARN_COMMA = YES;
				CLANG_WARN_CONSTANT_CONVERSION = YES;
				CLANG_WARN_DEPRECATED_OBJC_IMPLEMENTATIONS = YES;
				CLANG_WARN_DIRECT_OBJC_ISA_USAGE = YES_ERROR;
				CLANG_WARN_DOCUMENTATION_COMMENTS = YES;
				CLANG_WARN_EMPTY_BODY = YES;
				CLANG_WARN_ENUM_CONVERSION = YES;
				CLANG_WARN_INFINITE_RECURSION = YES;
				CLANG_WARN_INT_CONVERSION = YES;
				CLANG_WARN_NON_LITERAL_NULL_CONVERSION = YES;
				CLANG_WARN_OBJC_IMPLICIT_RETAIN_SELF = YES;
				CLANG_WARN_OBJC_LITERAL_CONVERSION = YES;
				CLANG_WARN_OBJC_ROOT_CLASS = YES_ERROR;
				CLANG_WARN_QUOTED_INCLUDE_IN_FRAMEWORK_HEADER = YES;
				CLANG_WARN_RANGE_LOOP_ANALYSIS = YES;
				CLANG_WARN_STRICT_PROTOTYPES = YES;
				CLANG_WARN_SUSPICIOUS_MOVE = YES;
				CLANG_WARN_UNGUARDED_AVAILABILITY = YES_AGGRESSIVE;
				CLANG_WARN_UNREACHABLE_CODE = YES;
				CLANG_WARN__DUPLICATE_METHOD_MATCH = YES;
				COPY_PHASE_STRIP = NO;
				DEBUG_INFORMATION_FORMAT = "dwarf-with-dsym";
				ENABLE_NS_ASSERTIONS = NO;
				ENABLE_STRICT_OBJC_MSGSEND = YES;
				GCC_C_LANGUAGE_STANDARD = gnu11;
				GCC_NO_COMMON_BLOCKS = YES;
				GCC_WARN_64_TO_32_BIT_CONVERSION = YES;
				GCC_WARN_ABOUT_RETURN_TYPE = YES_ERROR;
				GCC_WARN_UNDECLARED_SELECTOR = YES;
				GCC_WARN_UNINITIALIZED_AUTOS = YES_AGGRESSIVE;
				GCC_WARN_UNUSED_FUNCTION = YES;
				GCC_WARN_UNUSED_VARIABLE = YES;
				IPHONEOS_DEPLOYMENT_TARGET = 16.4;
				MTL_ENABLE_DEBUG_INFO = NO;
				MTL_FAST_MATH = YES;
				SDKROOT = iphoneos;
				SWIFT_COMPILATION_MODE = wholemodule;
				SWIFT_OPTIMIZATION_LEVEL = "-O";
				VALIDATE_PRODUCT = YES;
			};
			name = Release;
		};
		B79F273C2A15185D00BD1151 /* Debug */ = {
			isa = XCBuildConfiguration;
			buildSettings = {
				ASSETCATALOG_COMPILER_APPICON_NAME = AppIcon;
				ASSETCATALOG_COMPILER_GLOBAL_ACCENT_COLOR_NAME = AccentColor;
				CODE_SIGN_STYLE = Automatic;
				CURRENT_PROJECT_VERSION = 1;
				DEVELOPMENT_ASSET_PATHS = "\"Zoom/Preview Content\"";
				DEVELOPMENT_TEAM = W2U4CD5AB8;
				ENABLE_PREVIEWS = YES;
				GENERATE_INFOPLIST_FILE = YES;
				INFOPLIST_KEY_UIApplicationSceneManifest_Generation = YES;
				INFOPLIST_KEY_UIApplicationSupportsIndirectInputEvents = YES;
				INFOPLIST_KEY_UILaunchScreen_Generation = YES;
				INFOPLIST_KEY_UISupportedInterfaceOrientations_iPad = "UIInterfaceOrientationPortrait UIInterfaceOrientationPortraitUpsideDown UIInterfaceOrientationLandscapeLeft UIInterfaceOrientationLandscapeRight";
				INFOPLIST_KEY_UISupportedInterfaceOrientations_iPhone = "UIInterfaceOrientationPortrait UIInterfaceOrientationLandscapeLeft UIInterfaceOrientationLandscapeRight";
				IPHONEOS_DEPLOYMENT_TARGET = 15.6;
				LD_RUNPATH_SEARCH_PATHS = (
					"$(inherited)",
					"@executable_path/Frameworks",
				);
				MARKETING_VERSION = 1.0;
				PRODUCT_BUNDLE_IDENTIFIER = com.my.Zoom;
				PRODUCT_NAME = "$(TARGET_NAME)";
				SWIFT_EMIT_LOC_STRINGS = YES;
				SWIFT_VERSION = 5.0;
				TARGETED_DEVICE_FAMILY = "1,2";
			};
			name = Debug;
		};
		B79F273D2A15185D00BD1151 /* Release */ = {
			isa = XCBuildConfiguration;
			buildSettings = {
				ASSETCATALOG_COMPILER_APPICON_NAME = AppIcon;
				ASSETCATALOG_COMPILER_GLOBAL_ACCENT_COLOR_NAME = AccentColor;
				CODE_SIGN_STYLE = Automatic;
				CURRENT_PROJECT_VERSION = 1;
				DEVELOPMENT_ASSET_PATHS = "\"Zoom/Preview Content\"";
				DEVELOPMENT_TEAM = W2U4CD5AB8;
				ENABLE_PREVIEWS = YES;
				GENERATE_INFOPLIST_FILE = YES;
				INFOPLIST_KEY_UIApplicationSceneManifest_Generation = YES;
				INFOPLIST_KEY_UIApplicationSupportsIndirectInputEvents = YES;
				INFOPLIST_KEY_UILaunchScreen_Generation = YES;
				INFOPLIST_KEY_UISupportedInterfaceOrientations_iPad = "UIInterfaceOrientationPortrait UIInterfaceOrientationPortraitUpsideDown UIInterfaceOrientationLandscapeLeft UIInterfaceOrientationLandscapeRight";
				INFOPLIST_KEY_UISupportedInterfaceOrientations_iPhone = "UIInterfaceOrientationPortrait UIInterfaceOrientationLandscapeLeft UIInterfaceOrientationLandscapeRight";
				IPHONEOS_DEPLOYMENT_TARGET = 15.6;
				LD_RUNPATH_SEARCH_PATHS = (
					"$(inherited)",
					"@executable_path/Frameworks",
				);
				MARKETING_VERSION = 1.0;
				PRODUCT_BUNDLE_IDENTIFIER = com.my.Zoom;
				PRODUCT_NAME = "$(TARGET_NAME)";
				SWIFT_EMIT_LOC_STRINGS = YES;
				SWIFT_VERSION = 5.0;
				TARGETED_DEVICE_FAMILY = "1,2";
			};
			name = Release;
		};
/* End XCBuildConfiguration section */

/* Begin XCConfigurationList section */
		B79F27282A15185B00BD1151 /* Build configuration list for PBXProject "Zoom" */ = {
			isa = XCConfigurationList;
			buildConfigurations = (
				B79F27392A15185D00BD1151 /* Debug */,
				B79F273A2A15185D00BD1151 /* Release */,
			);
			defaultConfigurationIsVisible = 0;
			defaultConfigurationName = Release;
		};
		B79F273B2A15185D00BD1151 /* Build configuration list for PBXNativeTarget "Zoom" */ = {
			isa = XCConfigurationList;
			buildConfigurations = (
				B79F273C2A15185D00BD1151 /* Debug */,
				B79F273D2A15185D00BD1151 /* Release */,
			);
			defaultConfigurationIsVisible = 0;
			defaultConfigurationName = Release;
		};
/* End XCConfigurationList section */
	};
	rootObject = B79F27252A15185B00BD1151 /* Project object */;
}
